# THIS IS AN AUTOGENERATED FILE. DO NOT EDIT THIS FILE DIRECTLY.
# yarn lockfile v1


ccxt@^1.29.36:
  version "1.29.36"
  resolved "https://registry.yarnpkg.com/ccxt/-/ccxt-1.29.36.tgz#c8c8af78996c0fb63b28dd614c9278108ae2573a"
  integrity sha512-+ODCJU4TqMJyLvMXNYviJnic9hRhr12fa1wR4vvuVWxi0Hhqq83g7kfikbJAaX5y5tq1PKzyXmipi2cR/8BQrQ==

typescript@^3.9.5:
  version "3.9.5"
  resolved "https://registry.yarnpkg.com/typescript/-/typescript-3.9.5.tgz#586f0dba300cde8be52dd1ac4f7e1009c1b13f36"
  integrity sha512-hSAifV3k+i6lEoCJ2k6R2Z/rp/H3+8sdmcn5NrS3/3kE7+RyZXm9aqvxWqjEXHAd8b0pShatpcdMTvEdvAJltQ==
